// !$*UTF8*$!
{
	archiveVersion = 1;
	classes = {
	};
	objectVersion = 77;
	objects = {

/* Begin PBXBuildFile section */
		D33A6DD02D956AAA004D55F2 /* FirebaseAnalytics in Frameworks */ = {isa = PBXBuildFile; productRef = D33A6DCF2D956AAA004D55F2 /* FirebaseAnalytics */; };
		D33A6DD22D956AAA004D55F2 /* FirebaseFirestore in Frameworks */ = {isa = PBXBuildFile; productRef = D33A6DD12D956AAA004D55F2 /* FirebaseFirestore */; };
		D33A6DD62D957FCD004D55F2 /* FirebaseFirestoreCombine-Community in Frameworks */ = {isa = PBXBuildFile; productRef = D33A6DD52D957FCD004D55F2 /* FirebaseFirestoreCombine-Community */; };
/* End PBXBuildFile section */

/* Begin PBXContainerItemProxy section */
		D37AC1002D851B840012BAF2 /* PBXContainerItemProxy */ = {
			isa = PBXContainerItemProxy;
			containerPortal = D37AC0E72D851B7F0012BAF2 /* Project object */;
			proxyType = 1;
			remoteGlobalIDString = D37AC0EE2D851B7F0012BAF2;
			remoteInfo = "Fitness App";
		};
		D37AC10A2D851B840012BAF2 /* PBXContainerItemProxy */ = {
			isa = PBXContainerItemProxy;
			containerPortal = D37AC0E72D851B7F0012BAF2 /* Project object */;
			proxyType = 1;
			remoteGlobalIDString = D37AC0EE2D851B7F0012BAF2;
			remoteInfo = "Fitness App";
		};
/* End PBXContainerItemProxy section */

/* Begin PBXFileReference section */
		D37AC0EF2D851B7F0012BAF2 /* Fitness App.app */ = {isa = PBXFileReference; explicitFileType = wrapper.application; includeInIndex = 0; path = "Fitness App.app"; sourceTree = BUILT_PRODUCTS_DIR; };
		D37AC0FF2D851B840012BAF2 /* Fitness AppTests.xctest */ = {isa = PBXFileReference; explicitFileType = wrapper.cfbundle; includeInIndex = 0; path = "Fitness AppTests.xctest"; sourceTree = BUILT_PRODUCTS_DIR; };
		D37AC1092D851B840012BAF2 /* Fitness AppUITests.xctest */ = {isa = PBXFileReference; explicitFileType = wrapper.cfbundle; includeInIndex = 0; path = "Fitness AppUITests.xctest"; sourceTree = BUILT_PRODUCTS_DIR; };
/* End PBXFileReference section */

/* Begin PBXFileSystemSynchronizedRootGroup section */
		D37AC0F12D851B7F0012BAF2 /* Fitness App */ = {
			isa = PBXFileSystemSynchronizedRootGroup;
			path = "Fitness App";
			sourceTree = "<group>";
		};
		D37AC1022D851B840012BAF2 /* Fitness AppTests */ = {
			isa = PBXFileSystemSynchronizedRootGroup;
			path = "Fitness AppTests";
			sourceTree = "<group>";
		};
		D37AC10C2D851B840012BAF2 /* Fitness AppUITests */ = {
			isa = PBXFileSystemSynchronizedRootGroup;
			path = "Fitness AppUITests";
			sourceTree = "<group>";
		};
/* End PBXFileSystemSynchronizedRootGroup section */

/* Begin PBXFrameworksBuildPhase section */
		D37AC0EC2D851B7F0012BAF2 /* Frameworks */ = {
			isa = PBXFrameworksBuildPhase;
			buildActionMask = 2147483647;
			files = (
				D33A6DD62D957FCD004D55F2 /* FirebaseFirestoreCombine-Community in Frameworks */,
				D33A6DD02D956AAA004D55F2 /* FirebaseAnalytics in Frameworks */,
				D33A6DD22D956AAA004D55F2 /* FirebaseFirestore in Frameworks */,
			);
			runOnlyForDeploymentPostprocessing = 0;
		};
		D37AC0FC2D851B840012BAF2 /* Frameworks */ = {
			isa = PBXFrameworksBuildPhase;
			buildActionMask = 2147483647;
			files = (
			);
			runOnlyForDeploymentPostprocessing = 0;
		};
		D37AC1062D851B840012BAF2 /* Frameworks */ = {
			isa = PBXFrameworksBuildPhase;
			buildActionMask = 2147483647;
			files = (
			);
			runOnlyForDeploymentPostprocessing = 0;
		};
/* End PBXFrameworksBuildPhase section */

/* Begin PBXGroup section */
		D37AC0E62D851B7F0012BAF2 = {
			isa = PBXGroup;
			children = (
				D37AC0F12D851B7F0012BAF2 /* Fitness App */,
				D37AC1022D851B840012BAF2 /* Fitness AppTests */,
				D37AC10C2D851B840012BAF2 /* Fitness AppUITests */,
				D37AC0F02D851B7F0012BAF2 /* Products */,
			);
			sourceTree = "<group>";
		};
		D37AC0F02D851B7F0012BAF2 /* Products */ = {
			isa = PBXGroup;
			children = (
				D37AC0EF2D851B7F0012BAF2 /* Fitness App.app */,
				D37AC0FF2D851B840012BAF2 /* Fitness AppTests.xctest */,
				D37AC1092D851B840012BAF2 /* Fitness AppUITests.xctest */,
			);
			name = Products;
			sourceTree = "<group>";
		};
/* End PBXGroup section */

/* Begin PBXNativeTarget section */
		D37AC0EE2D851B7F0012BAF2 /* Fitness App */ = {
			isa = PBXNativeTarget;
			buildConfigurationList = D37AC1132D851B840012BAF2 /* Build configuration list for PBXNativeTarget "Fitness App" */;
			buildPhases = (
				D37AC0EB2D851B7F0012BAF2 /* Sources */,
				D37AC0EC2D851B7F0012BAF2 /* Frameworks */,
				D37AC0ED2D851B7F0012BAF2 /* Resources */,
			);
			buildRules = (
			);
			dependencies = (
			);
			fileSystemSynchronizedGroups = (
				D37AC0F12D851B7F0012BAF2 /* Fitness App */,
			);
			name = "Fitness App";
			packageProductDependencies = (
				D33A6DCF2D956AAA004D55F2 /* FirebaseAnalytics */,
				D33A6DD12D956AAA004D55F2 /* FirebaseFirestore */,
				D33A6DD52D957FCD004D55F2 /* FirebaseFirestoreCombine-Community */,
			);
			productName = "Fitness App";
			productReference = D37AC0EF2D851B7F0012BAF2 /* Fitness App.app */;
			productType = "com.apple.product-type.application";
		};
		D37AC0FE2D851B840012BAF2 /* Fitness AppTests */ = {
			isa = PBXNativeTarget;
			buildConfigurationList = D37AC1162D851B840012BAF2 /* Build configuration list for PBXNativeTarget "Fitness AppTests" */;
			buildPhases = (
				D37AC0FB2D851B840012BAF2 /* Sources */,
				D37AC0FC2D851B840012BAF2 /* Frameworks */,
				D37AC0FD2D851B840012BAF2 /* Resources */,
			);
			buildRules = (
			);
			dependencies = (
				D37AC1012D851B840012BAF2 /* PBXTargetDependency */,
			);
			fileSystemSynchronizedGroups = (
				D37AC1022D851B840012BAF2 /* Fitness AppTests */,
			);
			name = "Fitness AppTests";
			packageProductDependencies = (
			);
			productName = "Fitness AppTests";
			productReference = D37AC0FF2D851B840012BAF2 /* Fitness AppTests.xctest */;
			productType = "com.apple.product-type.bundle.unit-test";
		};
		D37AC1082D851B840012BAF2 /* Fitness AppUITests */ = {
			isa = PBXNativeTarget;
			buildConfigurationList = D37AC1192D851B840012BAF2 /* Build configuration list for PBXNativeTarget "Fitness AppUITests" */;
			buildPhases = (
				D37AC1052D851B840012BAF2 /* Sources */,
				D37AC1062D851B840012BAF2 /* Frameworks */,
				D37AC1072D851B840012BAF2 /* Resources */,
			);
			buildRules = (
			);
			dependencies = (
				D37AC10B2D851B840012BAF2 /* PBXTargetDependency */,
			);
			fileSystemSynchronizedGroups = (
				D37AC10C2D851B840012BAF2 /* Fitness AppUITests */,
			);
			name = "Fitness AppUITests";
			packageProductDependencies = (
			);
			productName = "Fitness AppUITests";
			productReference = D37AC1092D851B840012BAF2 /* Fitness AppUITests.xctest */;
			productType = "com.apple.product-type.bundle.ui-testing";
		};
/* End PBXNativeTarget section */

/* Begin PBXProject section */
		D37AC0E72D851B7F0012BAF2 /* Project object */ = {
			isa = PBXProject;
			attributes = {
				BuildIndependentTargetsInParallel = 1;
				LastSwiftUpdateCheck = 1620;
				LastUpgradeCheck = 1620;
				TargetAttributes = {
					D37AC0EE2D851B7F0012BAF2 = {
						CreatedOnToolsVersion = 16.2;
					};
					D37AC0FE2D851B840012BAF2 = {
						CreatedOnToolsVersion = 16.2;
						TestTargetID = D37AC0EE2D851B7F0012BAF2;
					};
					D37AC1082D851B840012BAF2 = {
						CreatedOnToolsVersion = 16.2;
						TestTargetID = D37AC0EE2D851B7F0012BAF2;
					};
				};
			};
			buildConfigurationList = D37AC0EA2D851B7F0012BAF2 /* Build configuration list for PBXProject "Fitness App" */;
			developmentRegion = en;
			hasScannedForEncodings = 0;
			knownRegions = (
				en,
				Base,
			);
			mainGroup = D37AC0E62D851B7F0012BAF2;
			minimizedProjectReferenceProxies = 1;
			packageReferences = (
				D33A6DCE2D956AAA004D55F2 /* XCRemoteSwiftPackageReference "firebase-ios-sdk" */,
			);
			preferredProjectObjectVersion = 77;
			productRefGroup = D37AC0F02D851B7F0012BAF2 /* Products */;
			projectDirPath = "";
			projectRoot = "";
			targets = (
				D37AC0EE2D851B7F0012BAF2 /* Fitness App */,
				D37AC0FE2D851B840012BAF2 /* Fitness AppTests */,
				D37AC1082D851B840012BAF2 /* Fitness AppUITests */,
			);
		};
/* End PBXProject section */

/* Begin PBXResourcesBuildPhase section */
		D37AC0ED2D851B7F0012BAF2 /* Resources */ = {
			isa = PBXResourcesBuildPhase;
			buildActionMask = 2147483647;
			files = (
			);
			runOnlyForDeploymentPostprocessing = 0;
		};
		D37AC0FD2D851B840012BAF2 /* Resources */ = {
			isa = PBXResourcesBuildPhase;
			buildActionMask = 2147483647;
			files = (
			);
			runOnlyForDeploymentPostprocessing = 0;
		};
		D37AC1072D851B840012BAF2 /* Resources */ = {
			isa = PBXResourcesBuildPhase;
			buildActionMask = 2147483647;
			files = (
			);
			runOnlyForDeploymentPostprocessing = 0;
		};
/* End PBXResourcesBuildPhase section */

/* Begin PBXSourcesBuildPhase section */
		D37AC0EB2D851B7F0012BAF2 /* Sources */ = {
			isa = PBXSourcesBuildPhase;
			buildActionMask = 2147483647;
			files = (
			);
			runOnlyForDeploymentPostprocessing = 0;
		};
		D37AC0FB2D851B840012BAF2 /* Sources */ = {
			isa = PBXSourcesBuildPhase;
			buildActionMask = 2147483647;
			files = (
			);
			runOnlyForDeploymentPostprocessing = 0;
		};
		D37AC1052D851B840012BAF2 /* Sources */ = {
			isa = PBXSourcesBuildPhase;
			buildActionMask = 2147483647;
			files = (
			);
			runOnlyForDeploymentPostprocessing = 0;
		};
/* End PBXSourcesBuildPhase section */

/* Begin PBXTargetDependency section */
		D37AC1012D851B840012BAF2 /* PBXTargetDependency */ = {
			isa = PBXTargetDependency;
			target = D37AC0EE2D851B7F0012BAF2 /* Fitness App */;
			targetProxy = D37AC1002D851B840012BAF2 /* PBXContainerItemProxy */;
		};
		D37AC10B2D851B840012BAF2 /* PBXTargetDependency */ = {
			isa = PBXTargetDependency;
			target = D37AC0EE2D851B7F0012BAF2 /* Fitness App */;
			targetProxy = D37AC10A2D851B840012BAF2 /* PBXContainerItemProxy */;
		};
/* End PBXTargetDependency section */

/* Begin XCBuildConfiguration section */
		D37AC1112D851B840012BAF2 /* Debug */ = {
			isa = XCBuildConfiguration;
			buildSettings = {
				ALWAYS_SEARCH_USER_PATHS = NO;
				ASSETCATALOG_COMPILER_GENERATE_SWIFT_ASSET_SYMBOL_EXTENSIONS = YES;
				CLANG_ANALYZER_NONNULL = YES;
				CLANG_ANALYZER_NUMBER_OBJECT_CONVERSION = YES_AGGRESSIVE;
				CLANG_CXX_LANGUAGE_STANDARD = "gnu++20";
				CLANG_ENABLE_MODULES = YES;
				CLANG_ENABLE_OBJC_ARC = YES;
				CLANG_ENABLE_OBJC_WEAK = YES;
				CLANG_WARN_BLOCK_CAPTURE_AUTORELEASING = YES;
				CLANG_WARN_BOOL_CONVERSION = YES;
				CLANG_WARN_COMMA = YES;
				CLANG_WARN_CONSTANT_CONVERSION = YES;
				CLANG_WARN_DEPRECATED_OBJC_IMPLEMENTATIONS = YES;
				CLANG_WARN_DIRECT_OBJC_ISA_USAGE = YES_ERROR;
				CLANG_WARN_DOCUMENTATION_COMMENTS = YES;
				CLANG_WARN_EMPTY_BODY = YES;
				CLANG_WARN_ENUM_CONVERSION = YES;
				CLANG_WARN_INFINITE_RECURSION = YES;
				CLANG_WARN_INT_CONVERSION = YES;
				CLANG_WARN_NON_LITERAL_NULL_CONVERSION = YES;
				CLANG_WARN_OBJC_IMPLICIT_RETAIN_SELF = YES;
				CLANG_WARN_OBJC_LITERAL_CONVERSION = YES;
				CLANG_WARN_OBJC_ROOT_CLASS = YES_ERROR;
				CLANG_WARN_QUOTED_INCLUDE_IN_FRAMEWORK_HEADER = YES;
				CLANG_WARN_RANGE_LOOP_ANALYSIS = YES;
				CLANG_WARN_STRICT_PROTOTYPES = YES;
				CLANG_WARN_SUSPICIOUS_MOVE = YES;
				CLANG_WARN_UNGUARDED_AVAILABILITY = YES_AGGRESSIVE;
				CLANG_WARN_UNREACHABLE_CODE = YES;
				CLANG_WARN__DUPLICATE_METHOD_MATCH = YES;
				COPY_PHASE_STRIP = NO;
				DEBUG_INFORMATION_FORMAT = dwarf;
				ENABLE_STRICT_OBJC_MSGSEND = YES;
				ENABLE_TESTABILITY = YES;
				ENABLE_USER_SCRIPT_SANDBOXING = YES;
				GCC_C_LANGUAGE_STANDARD = gnu17;
				GCC_DYNAMIC_NO_PIC = NO;
				GCC_NO_COMMON_BLOCKS = YES;
				GCC_OPTIMIZATION_LEVEL = 0;
				GCC_PREPROCESSOR_DEFINITIONS = (
					"DEBUG=1",
					"$(inherited)",
				);
				GCC_WARN_64_TO_32_BIT_CONVERSION = YES;
				GCC_WARN_ABOUT_RETURN_TYPE = YES_ERROR;
				GCC_WARN_UNDECLARED_SELECTOR = YES;
				GCC_WARN_UNINITIALIZED_AUTOS = YES_AGGRESSIVE;
				GCC_WARN_UNUSED_FUNCTION = YES;
				GCC_WARN_UNUSED_VARIABLE = YES;
				IPHONEOS_DEPLOYMENT_TARGET = 18.2;
				LOCALIZATION_PREFERS_STRING_CATALOGS = YES;
				MTL_ENABLE_DEBUG_INFO = INCLUDE_SOURCE;
				MTL_FAST_MATH = YES;
				ONLY_ACTIVE_ARCH = YES;
				SDKROOT = iphoneos;
				SWIFT_ACTIVE_COMPILATION_CONDITIONS = "DEBUG $(inherited)";
				SWIFT_OPTIMIZATION_LEVEL = "-Onone";
			};
			name = Debug;
		};
		D37AC1122D851B840012BAF2 /* Release */ = {
			isa = XCBuildConfiguration;
			buildSettings = {
				ALWAYS_SEARCH_USER_PATHS = NO;
				ASSETCATALOG_COMPILER_GENERATE_SWIFT_ASSET_SYMBOL_EXTENSIONS = YES;
				CLANG_ANALYZER_NONNULL = YES;
				CLANG_ANALYZER_NUMBER_OBJECT_CONVERSION = YES_AGGRESSIVE;
				CLANG_CXX_LANGUAGE_STANDARD = "gnu++20";
				CLANG_ENABLE_MODULES = YES;
				CLANG_ENABLE_OBJC_ARC = YES;
				CLANG_ENABLE_OBJC_WEAK = YES;
				CLANG_WARN_BLOCK_CAPTURE_AUTORELEASING = YES;
				CLANG_WARN_BOOL_CONVERSION = YES;
				CLANG_WARN_COMMA = YES;
				CLANG_WARN_CONSTANT_CONVERSION = YES;
				CLANG_WARN_DEPRECATED_OBJC_IMPLEMENTATIONS = YES;
				CLANG_WARN_DIRECT_OBJC_ISA_USAGE = YES_ERROR;
				CLANG_WARN_DOCUMENTATION_COMMENTS = YES;
				CLANG_WARN_EMPTY_BODY = YES;
				CLANG_WARN_ENUM_CONVERSION = YES;
				CLANG_WARN_INFINITE_RECURSION = YES;
				CLANG_WARN_INT_CONVERSION = YES;
				CLANG_WARN_NON_LITERAL_NULL_CONVERSION = YES;
				CLANG_WARN_OBJC_IMPLICIT_RETAIN_SELF = YES;
				CLANG_WARN_OBJC_LITERAL_CONVERSION = YES;
				CLANG_WARN_OBJC_ROOT_CLASS = YES_ERROR;
				CLANG_WARN_QUOTED_INCLUDE_IN_FRAMEWORK_HEADER = YES;
				CLANG_WARN_RANGE_LOOP_ANALYSIS = YES;
				CLANG_WARN_STRICT_PROTOTYPES = YES;
				CLANG_WARN_SUSPICIOUS_MOVE = YES;
				CLANG_WARN_UNGUARDED_AVAILABILITY = YES_AGGRESSIVE;
				CLANG_WARN_UNREACHABLE_CODE = YES;
				CLANG_WARN__DUPLICATE_METHOD_MATCH = YES;
				COPY_PHASE_STRIP = NO;
				DEBUG_INFORMATION_FORMAT = "dwarf-with-dsym";
				ENABLE_NS_ASSERTIONS = NO;
				ENABLE_STRICT_OBJC_MSGSEND = YES;
				ENABLE_USER_SCRIPT_SANDBOXING = YES;
				GCC_C_LANGUAGE_STANDARD = gnu17;
				GCC_NO_COMMON_BLOCKS = YES;
				GCC_WARN_64_TO_32_BIT_CONVERSION = YES;
				GCC_WARN_ABOUT_RETURN_TYPE = YES_ERROR;
				GCC_WARN_UNDECLARED_SELECTOR = YES;
				GCC_WARN_UNINITIALIZED_AUTOS = YES_AGGRESSIVE;
				GCC_WARN_UNUSED_FUNCTION = YES;
				GCC_WARN_UNUSED_VARIABLE = YES;
				IPHONEOS_DEPLOYMENT_TARGET = 18.2;
				LOCALIZATION_PREFERS_STRING_CATALOGS = YES;
				MTL_ENABLE_DEBUG_INFO = NO;
				MTL_FAST_MATH = YES;
				SDKROOT = iphoneos;
				SWIFT_COMPILATION_MODE = wholemodule;
				VALIDATE_PRODUCT = YES;
			};
			name = Release;
		};
		D37AC1142D851B840012BAF2 /* Debug */ = {
			isa = XCBuildConfiguration;
			buildSettings = {
				ASSETCATALOG_COMPILER_APPICON_NAME = AppIcon;
				ASSETCATALOG_COMPILER_GLOBAL_ACCENT_COLOR_NAME = AccentColor;
				CODE_SIGN_ENTITLEMENTS = "Fitness App/Fitness App.entitlements";
				CODE_SIGN_STYLE = Automatic;
				CURRENT_PROJECT_VERSION = 1;
				DEVELOPMENT_ASSET_PATHS = "\"Fitness App/Preview Content\"";
				DEVELOPMENT_TEAM = K8FKWBYV9S;
				ENABLE_PREVIEWS = YES;
				GENERATE_INFOPLIST_FILE = YES;
				INFOPLIST_FILE = "Fitness-App-Info.plist";
				INFOPLIST_KEY_CFBundleDisplayName = "";
				INFOPLIST_KEY_NSHealthShareUsageDescription = "Please allow access";
				INFOPLIST_KEY_UIApplicationSceneManifest_Generation = YES;
				INFOPLIST_KEY_UIApplicationSupportsIndirectInputEvents = YES;
				INFOPLIST_KEY_UILaunchScreen_Generation = YES;
				INFOPLIST_KEY_UISupportedInterfaceOrientations_iPad = "UIInterfaceOrientationPortrait UIInterfaceOrientationPortraitUpsideDown UIInterfaceOrientationLandscapeLeft UIInterfaceOrientationLandscapeRight";
				INFOPLIST_KEY_UISupportedInterfaceOrientations_iPhone = "UIInterfaceOrientationPortrait UIInterfaceOrientationLandscapeLeft UIInterfaceOrientationLandscapeRight";
				LD_RUNPATH_SEARCH_PATHS = (
					"$(inherited)",
					"@executable_path/Frameworks",
				);
				MARKETING_VERSION = 1.0;
				PRODUCT_BUNDLE_IDENTIFIER = "frederick.Fitness-App";
				PRODUCT_NAME = "$(TARGET_NAME)";
				SWIFT_EMIT_LOC_STRINGS = YES;
				SWIFT_VERSION = 5.0;
				TARGETED_DEVICE_FAMILY = "1,2";
			};
			name = Debug;
		};
		D37AC1152D851B840012BAF2 /* Release */ = {
			isa = XCBuildConfiguration;
			buildSettings = {
				ASSETCATALOG_COMPILER_APPICON_NAME = AppIcon;
				ASSETCATALOG_COMPILER_GLOBAL_ACCENT_COLOR_NAME = AccentColor;
				CODE_SIGN_ENTITLEMENTS = "Fitness App/Fitness App.entitlements";
				CODE_SIGN_STYLE = Automatic;
				CURRENT_PROJECT_VERSION = 1;
				DEVELOPMENT_ASSET_PATHS = "\"Fitness App/Preview Content\"";
				DEVELOPMENT_TEAM = K8FKWBYV9S;
				ENABLE_PREVIEWS = YES;
				GENERATE_INFOPLIST_FILE = YES;
				INFOPLIST_FILE = "Fitness-App-Info.plist";
				INFOPLIST_KEY_CFBundleDisplayName = "";
				INFOPLIST_KEY_NSHealthShareUsageDescription = "Please allow access";
				INFOPLIST_KEY_UIApplicationSceneManifest_Generation = YES;
				INFOPLIST_KEY_UIApplicationSupportsIndirectInputEvents = YES;
				INFOPLIST_KEY_UILaunchScreen_Generation = YES;
				INFOPLIST_KEY_UISupportedInterfaceOrientations_iPad = "UIInterfaceOrientationPortrait UIInterfaceOrientationPortraitUpsideDown UIInterfaceOrientationLandscapeLeft UIInterfaceOrientationLandscapeRight";
				INFOPLIST_KEY_UISupportedInterfaceOrientations_iPhone = "UIInterfaceOrientationPortrait UIInterfaceOrientationLandscapeLeft UIInterfaceOrientationLandscapeRight";
				LD_RUNPATH_SEARCH_PATHS = (
					"$(inherited)",
					"@executable_path/Frameworks",
				);
				MARKETING_VERSION = 1.0;
				PRODUCT_BUNDLE_IDENTIFIER = "frederick.Fitness-App";
				PRODUCT_NAME = "$(TARGET_NAME)";
				SWIFT_EMIT_LOC_STRINGS = YES;
				SWIFT_VERSION = 5.0;
				TARGETED_DEVICE_FAMILY = "1,2";
			};
			name = Release;
		};
		D37AC1172D851B840012BAF2 /* Debug */ = {
			isa = XCBuildConfiguration;
			buildSettings = {
				BUNDLE_LOADER = "$(TEST_HOST)";
				CODE_SIGN_STYLE = Automatic;
				CURRENT_PROJECT_VERSION = 1;
				DEVELOPMENT_TEAM = K8FKWBYV9S;
				GENERATE_INFOPLIST_FILE = YES;
				IPHONEOS_DEPLOYMENT_TARGET = 18.2;
				MARKETING_VERSION = 1.0;
				PRODUCT_BUNDLE_IDENTIFIER = "frederick.Fitness-AppTests";
				PRODUCT_NAME = "$(TARGET_NAME)";
				SWIFT_EMIT_LOC_STRINGS = NO;
				SWIFT_VERSION = 5.0;
				TARGETED_DEVICE_FAMILY = "1,2";
				TEST_HOST = "$(BUILT_PRODUCTS_DIR)/Fitness App.app/$(BUNDLE_EXECUTABLE_FOLDER_PATH)/Fitness App";
			};
			name = Debug;
		};
		D37AC1182D851B840012BAF2 /* Release */ = {
			isa = XCBuildConfiguration;
			buildSettings = {
				BUNDLE_LOADER = "$(TEST_HOST)";
				CODE_SIGN_STYLE = Automatic;
				CURRENT_PROJECT_VERSION = 1;
				DEVELOPMENT_TEAM = K8FKWBYV9S;
				GENERATE_INFOPLIST_FILE = YES;
				IPHONEOS_DEPLOYMENT_TARGET = 18.2;
				MARKETING_VERSION = 1.0;
				PRODUCT_BUNDLE_IDENTIFIER = "frederick.Fitness-AppTests";
				PRODUCT_NAME = "$(TARGET_NAME)";
				SWIFT_EMIT_LOC_STRINGS = NO;
				SWIFT_VERSION = 5.0;
				TARGETED_DEVICE_FAMILY = "1,2";
				TEST_HOST = "$(BUILT_PRODUCTS_DIR)/Fitness App.app/$(BUNDLE_EXECUTABLE_FOLDER_PATH)/Fitness App";
			};
			name = Release;
		};
		D37AC11A2D851B840012BAF2 /* Debug */ = {
			isa = XCBuildConfiguration;
			buildSettings = {
				CODE_SIGN_STYLE = Automatic;
				CURRENT_PROJECT_VERSION = 1;
				DEVELOPMENT_TEAM = K8FKWBYV9S;
				GENERATE_INFOPLIST_FILE = YES;
				MARKETING_VERSION = 1.0;
				PRODUCT_BUNDLE_IDENTIFIER = "frederick.Fitness-AppUITests";
				PRODUCT_NAME = "$(TARGET_NAME)";
				SWIFT_EMIT_LOC_STRINGS = NO;
				SWIFT_VERSION = 5.0;
				TARGETED_DEVICE_FAMILY = "1,2";
				TEST_TARGET_NAME = "Fitness App";
			};
			name = Debug;
		};
		D37AC11B2D851B840012BAF2 /* Release */ = {
			isa = XCBuildConfiguration;
			buildSettings = {
				CODE_SIGN_STYLE = Automatic;
				CURRENT_PROJECT_VERSION = 1;
				DEVELOPMENT_TEAM = K8FKWBYV9S;
				GENERATE_INFOPLIST_FILE = YES;
				MARKETING_VERSION = 1.0;
				PRODUCT_BUNDLE_IDENTIFIER = "frederick.Fitness-AppUITests";
				PRODUCT_NAME = "$(TARGET_NAME)";
				SWIFT_EMIT_LOC_STRINGS = NO;
				SWIFT_VERSION = 5.0;
				TARGETED_DEVICE_FAMILY = "1,2";
				TEST_TARGET_NAME = "Fitness App";
			};
			name = Release;
		};
/* End XCBuildConfiguration section */

/* Begin XCConfigurationList section */
		D37AC0EA2D851B7F0012BAF2 /* Build configuration list for PBXProject "Fitness App" */ = {
			isa = XCConfigurationList;
			buildConfigurations = (
				D37AC1112D851B840012BAF2 /* Debug */,
				D37AC1122D851B840012BAF2 /* Release */,
			);
			defaultConfigurationIsVisible = 0;
			defaultConfigurationName = Release;
		};
		D37AC1132D851B840012BAF2 /* Build configuration list for PBXNativeTarget "Fitness App" */ = {
			isa = XCConfigurationList;
			buildConfigurations = (
				D37AC1142D851B840012BAF2 /* Debug */,
				D37AC1152D851B840012BAF2 /* Release */,
			);
			defaultConfigurationIsVisible = 0;
			defaultConfigurationName = Release;
		};
		D37AC1162D851B840012BAF2 /* Build configuration list for PBXNativeTarget "Fitness AppTests" */ = {
			isa = XCConfigurationList;
			buildConfigurations = (
				D37AC1172D851B840012BAF2 /* Debug */,
				D37AC1182D851B840012BAF2 /* Release */,
			);
			defaultConfigurationIsVisible = 0;
			defaultConfigurationName = Release;
		};
		D37AC1192D851B840012BAF2 /* Build configuration list for PBXNativeTarget "Fitness AppUITests" */ = {
			isa = XCConfigurationList;
			buildConfigurations = (
				D37AC11A2D851B840012BAF2 /* Debug */,
				D37AC11B2D851B840012BAF2 /* Release */,
			);
			defaultConfigurationIsVisible = 0;
			defaultConfigurationName = Release;
		};
/* End XCConfigurationList section */

/* Begin XCRemoteSwiftPackageReference section */
		D33A6DCE2D956AAA004D55F2 /* XCRemoteSwiftPackageReference "firebase-ios-sdk" */ = {
			isa = XCRemoteSwiftPackageReference;
			repositoryURL = "https://github.com/firebase/firebase-ios-sdk";
			requirement = {
				kind = upToNextMajorVersion;
				minimumVersion = 11.10.0;
			};
		};
/* End XCRemoteSwiftPackageReference section */

/* Begin XCSwiftPackageProductDependency section */
		D33A6DCF2D956AAA004D55F2 /* FirebaseAnalytics */ = {
			isa = XCSwiftPackageProductDependency;
			package = D33A6DCE2D956AAA004D55F2 /* XCRemoteSwiftPackageReference "firebase-ios-sdk" */;
			productName = FirebaseAnalytics;
		};
		D33A6DD12D956AAA004D55F2 /* FirebaseFirestore */ = {
			isa = XCSwiftPackageProductDependency;
			package = D33A6DCE2D956AAA004D55F2 /* XCRemoteSwiftPackageReference "firebase-ios-sdk" */;
			productName = FirebaseFirestore;
		};
		D33A6DD52D957FCD004D55F2 /* FirebaseFirestoreCombine-Community */ = {
			isa = XCSwiftPackageProductDependency;
			package = D33A6DCE2D956AAA004D55F2 /* XCRemoteSwiftPackageReference "firebase-ios-sdk" */;
			productName = "FirebaseFirestoreCombine-Community";
		};
/* End XCSwiftPackageProductDependency section */
	};
	rootObject = D37AC0E72D851B7F0012BAF2 /* Project object */;
}
